# This file is generated by running "yarn install" inside your project.
# Manual changes might be lost - proceed with caution!

__metadata:
  version: 6
  cacheKey: 8

"@types/node@npm:^18.7.14":
  version: 18.7.14
  resolution: "@types/node@npm:18.7.14"
  checksum: 99cf28ff854100158de875cca23c7acc3cc01dfee526a52b90b7f36767c821bcbaf2be0a98a70f06f3b78f3c60639168ff949d725b61e2e124f9f71f1fb8043d
  languageName: node
  linkType: hard

"cli@workspace:.":
  version: 0.0.0-use.local
  resolution: "cli@workspace:."
  dependencies:
    "@types/node": ^18.7.14
    typescript: ^4.8.2
  languageName: unknown
  linkType: soft

"typescript@npm:^4.8.2":
  version: 4.8.2
  resolution: "typescript@npm:4.8.2"
  bin:
    tsc: bin/tsc
    tsserver: bin/tsserver
  checksum: 7f5b81d0d558c9067f952c7af52ab7f19c2e70a916817929e4a5b256c93990bf3178eccb1ac8a850bc75df35f6781b6f4cb3370ce20d8b1ded92ed462348f628
  languageName: node
  linkType: hard

"typescript@patch:typescript@^4.8.2#~builtin<compat/typescript>":
  version: 4.8.2
  resolution: "typescript@patch:typescript@npm%3A4.8.2#~builtin<compat/typescript>::version=4.8.2&hash=f456af"
  bin:
    tsc: bin/tsc
    tsserver: bin/tsserver
  checksum: 6f49363af8af2fe480da1d5fa68712644438785208b06690a3cbe5e7365fd652c3a0f1e587bc8684d78fb69de3dde4de185c0bad7bb4f3664ddfc813ce8caad6
  languageName: node
  linkType: hard
